
Microsoft Visual Studio Solution File, Format Version 12.00
# Visual Studio Version 16
VisualStudioVersion = 16.0.30225.117
MinimumVisualStudioVersion = 10.0.40219.1
Project("{FAE04EC0-301F-11D3-BF4B-00C04F79EFBC}") = "Course", "Course.csproj", "{CA57B127-3F4F-42A3-875F-545303FB29A5}"
EndProject
Global
	GlobalSection(SolutionConfigurationPlatforms) = preSolution
		Debug|Any CPU = Debug|Any CPU
		Release|Any CPU = Release|Any CPU
	EndGlobalSection
	GlobalSection(ProjectConfigurationPlatforms) = postSolution
		{CA57B127-3F4F-42A3-875F-545303FB29A5}.Debug|Any CPU.ActiveCfg = Debug|Any CPU
		{CA57B127-3F4F-42A3-875F-545303FB29A5}.Debug|Any CPU.Build.0 = Debug|Any CPU
		{CA57B127-3F4F-42A3-875F-545303FB29A5}.Release|Any CPU.ActiveCfg = Release|Any CPU
		{CA57B127-3F4F-42A3-875F-545303FB29A5}.Release|Any CPU.Build.0 = Release|Any CPU
	EndGlobalSection
	GlobalSection(SolutionProperties) = preSolution
		HideSolutionNode = FALSE
	EndGlobalSection
	GlobalSection(ExtensibilityGlobals) = postSolution
		SolutionGuid = {84F243A3-FF80-4F3E-8801-7E93DE4FBD89}
	EndGlobalSection
EndGlobal
