
Microsoft Visual Studio Solution File, Format Version 12.00
# Visual Studio Version 16
VisualStudioVersion = 16.0.30225.117
MinimumVisualStudioVersion = 10.0.40219.1
Project("{FAE04EC0-301F-11D3-BF4B-00C04F79EFBC}") = "Course", "Course.csproj", "{1ADAB007-2F09-4EB0-B0EB-A059016952CD}"
EndProject
Global
	GlobalSection(SolutionConfigurationPlatforms) = preSolution
		Debug|Any CPU = Debug|Any CPU
		Release|Any CPU = Release|Any CPU
	EndGlobalSection
	GlobalSection(ProjectConfigurationPlatforms) = postSolution
		{1ADAB007-2F09-4EB0-B0EB-A059016952CD}.Debug|Any CPU.ActiveCfg = Debug|Any CPU
		{1ADAB007-2F09-4EB0-B0EB-A059016952CD}.Debug|Any CPU.Build.0 = Debug|Any CPU
		{1ADAB007-2F09-4EB0-B0EB-A059016952CD}.Release|Any CPU.ActiveCfg = Release|Any CPU
		{1ADAB007-2F09-4EB0-B0EB-A059016952CD}.Release|Any CPU.Build.0 = Release|Any CPU
	EndGlobalSection
	GlobalSection(SolutionProperties) = preSolution
		HideSolutionNode = FALSE
	EndGlobalSection
	GlobalSection(ExtensibilityGlobals) = postSolution
		SolutionGuid = {A84FAA92-BD2B-495D-8828-B41A3A508AB2}
	EndGlobalSection
EndGlobal
