
Microsoft Visual Studio Solution File, Format Version 12.00
# Visual Studio Version 16
VisualStudioVersion = 16.0.30523.141
MinimumVisualStudioVersion = 10.0.40219.1
Project("{FAE04EC0-301F-11D3-BF4B-00C04F79EFBC}") = "Course", "Course.csproj", "{9EB8F59E-061D-4DC5-80E0-585387889814}"
EndProject
Global
	GlobalSection(SolutionConfigurationPlatforms) = preSolution
		Debug|Any CPU = Debug|Any CPU
		Release|Any CPU = Release|Any CPU
	EndGlobalSection
	GlobalSection(ProjectConfigurationPlatforms) = postSolution
		{9EB8F59E-061D-4DC5-80E0-585387889814}.Debug|Any CPU.ActiveCfg = Debug|Any CPU
		{9EB8F59E-061D-4DC5-80E0-585387889814}.Debug|Any CPU.Build.0 = Debug|Any CPU
		{9EB8F59E-061D-4DC5-80E0-585387889814}.Release|Any CPU.ActiveCfg = Release|Any CPU
		{9EB8F59E-061D-4DC5-80E0-585387889814}.Release|Any CPU.Build.0 = Release|Any CPU
	EndGlobalSection
	GlobalSection(SolutionProperties) = preSolution
		HideSolutionNode = FALSE
	EndGlobalSection
	GlobalSection(ExtensibilityGlobals) = postSolution
		SolutionGuid = {BF869E4D-26D2-418F-884C-D0D69B8FB039}
	EndGlobalSection
EndGlobal
